// !$*UTF8*$!
{
	archiveVersion = 1;
	classes = {
	};
	objectVersion = 50;
	objects = {

/* Begin PBXBuildFile section */
		5B4A09A420F661F3008B8B6F /* AppDelegate.swift in Sources */ = {isa = PBXBuildFile; fileRef = 5B4A09A320F661F3008B8B6F /* AppDelegate.swift */; };
		5B4A09A620F661F3008B8B6F /* ViewController.swift in Sources */ = {isa = PBXBuildFile; fileRef = 5B4A09A520F661F3008B8B6F /* ViewController.swift */; };
		5B4A09A920F661F3008B8B6F /* Main.storyboard in Resources */ = {isa = PBXBuildFile; fileRef = 5B4A09A720F661F3008B8B6F /* Main.storyboard */; };
		5B4A09AB20F661F4008B8B6F /* Assets.xcassets in Resources */ = {isa = PBXBuildFile; fileRef = 5B4A09AA20F661F4008B8B6F /* Assets.xcassets */; };
		5B4A09AE20F661F4008B8B6F /* LaunchScreen.storyboard in Resources */ = {isa = PBXBuildFile; fileRef = 5B4A09AC20F661F4008B8B6F /* LaunchScreen.storyboard */; };
		5B4A09B920F661F4008B8B6F /* Pizza_FinderTests.swift in Sources */ = {isa = PBXBuildFile; fileRef = 5B4A09B820F661F4008B8B6F /* Pizza_FinderTests.swift */; };
		5B4A09C420F661F4008B8B6F /* Pizza_FinderUITests.swift in Sources */ = {isa = PBXBuildFile; fileRef = 5B4A09C320F661F4008B8B6F /* Pizza_FinderUITests.swift */; };
		5B4A09D220F6880A008B8B6F /* LocationDetailsViewController.swift in Sources */ = {isa = PBXBuildFile; fileRef = 5B4A09D120F6880A008B8B6F /* LocationDetailsViewController.swift */; };
/* End PBXBuildFile section */

/* Begin PBXContainerItemProxy section */
		5B4A09B520F661F4008B8B6F /* PBXContainerItemProxy */ = {
			isa = PBXContainerItemProxy;
			containerPortal = 5B4A099820F661F3008B8B6F /* Project object */;
			proxyType = 1;
			remoteGlobalIDString = 5B4A099F20F661F3008B8B6F;
			remoteInfo = "Pizza Finder";
		};
		5B4A09C020F661F4008B8B6F /* PBXContainerItemProxy */ = {
			isa = PBXContainerItemProxy;
			containerPortal = 5B4A099820F661F3008B8B6F /* Project object */;
			proxyType = 1;
			remoteGlobalIDString = 5B4A099F20F661F3008B8B6F;
			remoteInfo = "Pizza Finder";
		};
/* End PBXContainerItemProxy section */

/* Begin PBXFileReference section */
		5B4A09A020F661F3008B8B6F /* Pizza Finder.app */ = {isa = PBXFileReference; explicitFileType = wrapper.application; includeInIndex = 0; path = "Pizza Finder.app"; sourceTree = BUILT_PRODUCTS_DIR; };
		5B4A09A320F661F3008B8B6F /* AppDelegate.swift */ = {isa = PBXFileReference; lastKnownFileType = sourcecode.swift; path = AppDelegate.swift; sourceTree = "<group>"; };
		5B4A09A520F661F3008B8B6F /* ViewController.swift */ = {isa = PBXFileReference; lastKnownFileType = sourcecode.swift; path = ViewController.swift; sourceTree = "<group>"; };
		5B4A09A820F661F3008B8B6F /* Base */ = {isa = PBXFileReference; lastKnownFileType = file.storyboard; name = Base; path = Base.lproj/Main.storyboard; sourceTree = "<group>"; };
		5B4A09AA20F661F4008B8B6F /* Assets.xcassets */ = {isa = PBXFileReference; lastKnownFileType = folder.assetcatalog; path = Assets.xcassets; sourceTree = "<group>"; };
		5B4A09AD20F661F4008B8B6F /* Base */ = {isa = PBXFileReference; lastKnownFileType = file.storyboard; name = Base; path = Base.lproj/LaunchScreen.storyboard; sourceTree = "<group>"; };
		5B4A09AF20F661F4008B8B6F /* Info.plist */ = {isa = PBXFileReference; lastKnownFileType = text.plist.xml; path = Info.plist; sourceTree = "<group>"; };
		5B4A09B420F661F4008B8B6F /* Pizza FinderTests.xctest */ = {isa = PBXFileReference; explicitFileType = wrapper.cfbundle; includeInIndex = 0; path = "Pizza FinderTests.xctest"; sourceTree = BUILT_PRODUCTS_DIR; };
		5B4A09B820F661F4008B8B6F /* Pizza_FinderTests.swift */ = {isa = PBXFileReference; lastKnownFileType = sourcecode.swift; path = Pizza_FinderTests.swift; sourceTree = "<group>"; };
		5B4A09BA20F661F4008B8B6F /* Info.plist */ = {isa = PBXFileReference; lastKnownFileType = text.plist.xml; path = Info.plist; sourceTree = "<group>"; };
		5B4A09BF20F661F4008B8B6F /* Pizza FinderUITests.xctest */ = {isa = PBXFileReference; explicitFileType = wrapper.cfbundle; includeInIndex = 0; path = "Pizza FinderUITests.xctest"; sourceTree = BUILT_PRODUCTS_DIR; };
		5B4A09C320F661F4008B8B6F /* Pizza_FinderUITests.swift */ = {isa = PBXFileReference; lastKnownFileType = sourcecode.swift; path = Pizza_FinderUITests.swift; sourceTree = "<group>"; };
		5B4A09C520F661F4008B8B6F /* Info.plist */ = {isa = PBXFileReference; lastKnownFileType = text.plist.xml; path = Info.plist; sourceTree = "<group>"; };
		5B4A09D120F6880A008B8B6F /* LocationDetailsViewController.swift */ = {isa = PBXFileReference; lastKnownFileType = sourcecode.swift; path = LocationDetailsViewController.swift; sourceTree = "<group>"; };
/* End PBXFileReference section */

/* Begin PBXFrameworksBuildPhase section */
		5B4A099D20F661F3008B8B6F /* Frameworks */ = {
			isa = PBXFrameworksBuildPhase;
			buildActionMask = 2147483647;
			files = (
			);
			runOnlyForDeploymentPostprocessing = 0;
		};
		5B4A09B120F661F4008B8B6F /* Frameworks */ = {
			isa = PBXFrameworksBuildPhase;
			buildActionMask = 2147483647;
			files = (
			);
			runOnlyForDeploymentPostprocessing = 0;
		};
		5B4A09BC20F661F4008B8B6F /* Frameworks */ = {
			isa = PBXFrameworksBuildPhase;
			buildActionMask = 2147483647;
			files = (
			);
			runOnlyForDeploymentPostprocessing = 0;
		};
/* End PBXFrameworksBuildPhase section */

/* Begin PBXGroup section */
		5B4A099720F661F3008B8B6F = {
			isa = PBXGroup;
			children = (
				5B4A09A220F661F3008B8B6F /* Pizza Finder */,
				5B4A09B720F661F4008B8B6F /* Pizza FinderTests */,
				5B4A09C220F661F4008B8B6F /* Pizza FinderUITests */,
				5B4A09A120F661F3008B8B6F /* Products */,
			);
			sourceTree = "<group>";
		};
		5B4A09A120F661F3008B8B6F /* Products */ = {
			isa = PBXGroup;
			children = (
				5B4A09A020F661F3008B8B6F /* Pizza Finder.app */,
				5B4A09B420F661F4008B8B6F /* Pizza FinderTests.xctest */,
				5B4A09BF20F661F4008B8B6F /* Pizza FinderUITests.xctest */,
			);
			name = Products;
			sourceTree = "<group>";
		};
		5B4A09A220F661F3008B8B6F /* Pizza Finder */ = {
			isa = PBXGroup;
			children = (
				5B4A09D120F6880A008B8B6F /* LocationDetailsViewController.swift */,
				5B4A09A320F661F3008B8B6F /* AppDelegate.swift */,
				5B4A09A520F661F3008B8B6F /* ViewController.swift */,
				5B4A09A720F661F3008B8B6F /* Main.storyboard */,
				5B4A09AA20F661F4008B8B6F /* Assets.xcassets */,
				5B4A09AC20F661F4008B8B6F /* LaunchScreen.storyboard */,
				5B4A09AF20F661F4008B8B6F /* Info.plist */,
			);
			path = "Pizza Finder";
			sourceTree = "<group>";
		};
		5B4A09B720F661F4008B8B6F /* Pizza FinderTests */ = {
			isa = PBXGroup;
			children = (
				5B4A09B820F661F4008B8B6F /* Pizza_FinderTests.swift */,
				5B4A09BA20F661F4008B8B6F /* Info.plist */,
			);
			path = "Pizza FinderTests";
			sourceTree = "<group>";
		};
		5B4A09C220F661F4008B8B6F /* Pizza FinderUITests */ = {
			isa = PBXGroup;
			children = (
				5B4A09C320F661F4008B8B6F /* Pizza_FinderUITests.swift */,
				5B4A09C520F661F4008B8B6F /* Info.plist */,
			);
			path = "Pizza FinderUITests";
			sourceTree = "<group>";
		};
/* End PBXGroup section */

/* Begin PBXNativeTarget section */
		5B4A099F20F661F3008B8B6F /* Pizza Finder */ = {
			isa = PBXNativeTarget;
			buildConfigurationList = 5B4A09C820F661F4008B8B6F /* Build configuration list for PBXNativeTarget "Pizza Finder" */;
			buildPhases = (
				5B4A099C20F661F3008B8B6F /* Sources */,
				5B4A099D20F661F3008B8B6F /* Frameworks */,
				5B4A099E20F661F3008B8B6F /* Resources */,
			);
			buildRules = (
			);
			dependencies = (
			);
			name = "Pizza Finder";
			productName = "Pizza Finder";
			productReference = 5B4A09A020F661F3008B8B6F /* Pizza Finder.app */;
			productType = "com.apple.product-type.application";
		};
		5B4A09B320F661F4008B8B6F /* Pizza FinderTests */ = {
			isa = PBXNativeTarget;
			buildConfigurationList = 5B4A09CB20F661F4008B8B6F /* Build configuration list for PBXNativeTarget "Pizza FinderTests" */;
			buildPhases = (
				5B4A09B020F661F4008B8B6F /* Sources */,
				5B4A09B120F661F4008B8B6F /* Frameworks */,
				5B4A09B220F661F4008B8B6F /* Resources */,
			);
			buildRules = (
			);
			dependencies = (
				5B4A09B620F661F4008B8B6F /* PBXTargetDependency */,
			);
			name = "Pizza FinderTests";
			productName = "Pizza FinderTests";
			productReference = 5B4A09B420F661F4008B8B6F /* Pizza FinderTests.xctest */;
			productType = "com.apple.product-type.bundle.unit-test";
		};
		5B4A09BE20F661F4008B8B6F /* Pizza FinderUITests */ = {
			isa = PBXNativeTarget;
			buildConfigurationList = 5B4A09CE20F661F4008B8B6F /* Build configuration list for PBXNativeTarget "Pizza FinderUITests" */;
			buildPhases = (
				5B4A09BB20F661F4008B8B6F /* Sources */,
				5B4A09BC20F661F4008B8B6F /* Frameworks */,
				5B4A09BD20F661F4008B8B6F /* Resources */,
			);
			buildRules = (
			);
			dependencies = (
				5B4A09C120F661F4008B8B6F /* PBXTargetDependency */,
			);
			name = "Pizza FinderUITests";
			productName = "Pizza FinderUITests";
			productReference = 5B4A09BF20F661F4008B8B6F /* Pizza FinderUITests.xctest */;
			productType = "com.apple.product-type.bundle.ui-testing";
		};
/* End PBXNativeTarget section */

/* Begin PBXProject section */
		5B4A099820F661F3008B8B6F /* Project object */ = {
			isa = PBXProject;
			attributes = {
				LastSwiftUpdateCheck = 0940;
				LastUpgradeCheck = 0940;
				ORGANIZATIONNAME = "Rishi Anand";
				TargetAttributes = {
					5B4A099F20F661F3008B8B6F = {
						CreatedOnToolsVersion = 9.4.1;
					};
					5B4A09B320F661F4008B8B6F = {
						CreatedOnToolsVersion = 9.4.1;
						TestTargetID = 5B4A099F20F661F3008B8B6F;
					};
					5B4A09BE20F661F4008B8B6F = {
						CreatedOnToolsVersion = 9.4.1;
						TestTargetID = 5B4A099F20F661F3008B8B6F;
					};
				};
			};
			buildConfigurationList = 5B4A099B20F661F3008B8B6F /* Build configuration list for PBXProject "Pizza Finder" */;
			compatibilityVersion = "Xcode 9.3";
			developmentRegion = en;
			hasScannedForEncodings = 0;
			knownRegions = (
				en,
				Base,
			);
			mainGroup = 5B4A099720F661F3008B8B6F;
			productRefGroup = 5B4A09A120F661F3008B8B6F /* Products */;
			projectDirPath = "";
			projectRoot = "";
			targets = (
				5B4A099F20F661F3008B8B6F /* Pizza Finder */,
				5B4A09B320F661F4008B8B6F /* Pizza FinderTests */,
				5B4A09BE20F661F4008B8B6F /* Pizza FinderUITests */,
			);
		};
/* End PBXProject section */

/* Begin PBXResourcesBuildPhase section */
		5B4A099E20F661F3008B8B6F /* Resources */ = {
			isa = PBXResourcesBuildPhase;
			buildActionMask = 2147483647;
			files = (
				5B4A09AE20F661F4008B8B6F /* LaunchScreen.storyboard in Resources */,
				5B4A09AB20F661F4008B8B6F /* Assets.xcassets in Resources */,
				5B4A09A920F661F3008B8B6F /* Main.storyboard in Resources */,
			);
			runOnlyForDeploymentPostprocessing = 0;
		};
		5B4A09B220F661F4008B8B6F /* Resources */ = {
			isa = PBXResourcesBuildPhase;
			buildActionMask = 2147483647;
			files = (
			);
			runOnlyForDeploymentPostprocessing = 0;
		};
		5B4A09BD20F661F4008B8B6F /* Resources */ = {
			isa = PBXResourcesBuildPhase;
			buildActionMask = 2147483647;
			files = (
			);
			runOnlyForDeploymentPostprocessing = 0;
		};
/* End PBXResourcesBuildPhase section */

/* Begin PBXSourcesBuildPhase section */
		5B4A099C20F661F3008B8B6F /* Sources */ = {
			isa = PBXSourcesBuildPhase;
			buildActionMask = 2147483647;
			files = (
				5B4A09D220F6880A008B8B6F /* LocationDetailsViewController.swift in Sources */,
				5B4A09A620F661F3008B8B6F /* ViewController.swift in Sources */,
				5B4A09A420F661F3008B8B6F /* AppDelegate.swift in Sources */,
			);
			runOnlyForDeploymentPostprocessing = 0;
		};
		5B4A09B020F661F4008B8B6F /* Sources */ = {
			isa = PBXSourcesBuildPhase;
			buildActionMask = 2147483647;
			files = (
				5B4A09B920F661F4008B8B6F /* Pizza_FinderTests.swift in Sources */,
			);
			runOnlyForDeploymentPostprocessing = 0;
		};
		5B4A09BB20F661F4008B8B6F /* Sources */ = {
			isa = PBXSourcesBuildPhase;
			buildActionMask = 2147483647;
			files = (
				5B4A09C420F661F4008B8B6F /* Pizza_FinderUITests.swift in Sources */,
			);
			runOnlyForDeploymentPostprocessing = 0;
		};
/* End PBXSourcesBuildPhase section */

/* Begin PBXTargetDependency section */
		5B4A09B620F661F4008B8B6F /* PBXTargetDependency */ = {
			isa = PBXTargetDependency;
			target = 5B4A099F20F661F3008B8B6F /* Pizza Finder */;
			targetProxy = 5B4A09B520F661F4008B8B6F /* PBXContainerItemProxy */;
		};
		5B4A09C120F661F4008B8B6F /* PBXTargetDependency */ = {
			isa = PBXTargetDependency;
			target = 5B4A099F20F661F3008B8B6F /* Pizza Finder */;
			targetProxy = 5B4A09C020F661F4008B8B6F /* PBXContainerItemProxy */;
		};
/* End PBXTargetDependency section */

/* Begin PBXVariantGroup section */
		5B4A09A720F661F3008B8B6F /* Main.storyboard */ = {
			isa = PBXVariantGroup;
			children = (
				5B4A09A820F661F3008B8B6F /* Base */,
			);
			name = Main.storyboard;
			sourceTree = "<group>";
		};
		5B4A09AC20F661F4008B8B6F /* LaunchScreen.storyboard */ = {
			isa = PBXVariantGroup;
			children = (
				5B4A09AD20F661F4008B8B6F /* Base */,
			);
			name = LaunchScreen.storyboard;
			sourceTree = "<group>";
		};
/* End PBXVariantGroup section */

/* Begin XCBuildConfiguration section */
		5B4A09C620F661F4008B8B6F /* Debug */ = {
			isa = XCBuildConfiguration;
			buildSettings = {
				ALWAYS_SEARCH_USER_PATHS = NO;
				CLANG_ANALYZER_NONNULL = YES;
				CLANG_ANALYZER_NUMBER_OBJECT_CONVERSION = YES_AGGRESSIVE;
				CLANG_CXX_LANGUAGE_STANDARD = "gnu++14";
				CLANG_CXX_LIBRARY = "libc++";
				CLANG_ENABLE_MODULES = YES;
				CLANG_ENABLE_OBJC_ARC = YES;
				CLANG_ENABLE_OBJC_WEAK = YES;
				CLANG_WARN_BLOCK_CAPTURE_AUTORELEASING = YES;
				CLANG_WARN_BOOL_CONVERSION = YES;
				CLANG_WARN_COMMA = YES;
				CLANG_WARN_CONSTANT_CONVERSION = YES;
				CLANG_WARN_DEPRECATED_OBJC_IMPLEMENTATIONS = YES;
				CLANG_WARN_DIRECT_OBJC_ISA_USAGE = YES_ERROR;
				CLANG_WARN_DOCUMENTATION_COMMENTS = YES;
				CLANG_WARN_EMPTY_BODY = YES;
				CLANG_WARN_ENUM_CONVERSION = YES;
				CLANG_WARN_INFINITE_RECURSION = YES;
				CLANG_WARN_INT_CONVERSION = YES;
				CLANG_WARN_NON_LITERAL_NULL_CONVERSION = YES;
				CLANG_WARN_OBJC_IMPLICIT_RETAIN_SELF = YES;
				CLANG_WARN_OBJC_LITERAL_CONVERSION = YES;
				CLANG_WARN_OBJC_ROOT_CLASS = YES_ERROR;
				CLANG_WARN_RANGE_LOOP_ANALYSIS = YES;
				CLANG_WARN_STRICT_PROTOTYPES = YES;
				CLANG_WARN_SUSPICIOUS_MOVE = YES;
				CLANG_WARN_UNGUARDED_AVAILABILITY = YES_AGGRESSIVE;
				CLANG_WARN_UNREACHABLE_CODE = YES;
				CLANG_WARN__DUPLICATE_METHOD_MATCH = YES;
				CODE_SIGN_IDENTITY = "iPhone Developer";
				COPY_PHASE_STRIP = NO;
				DEBUG_INFORMATION_FORMAT = dwarf;
				ENABLE_STRICT_OBJC_MSGSEND = YES;
				ENABLE_TESTABILITY = YES;
				GCC_C_LANGUAGE_STANDARD = gnu11;
				GCC_DYNAMIC_NO_PIC = NO;
				GCC_NO_COMMON_BLOCKS = YES;
				GCC_OPTIMIZATION_LEVEL = 0;
				GCC_PREPROCESSOR_DEFINITIONS = (
					"DEBUG=1",
					"$(inherited)",
				);
				GCC_WARN_64_TO_32_BIT_CONVERSION = YES;
				GCC_WARN_ABOUT_RETURN_TYPE = YES_ERROR;
				GCC_WARN_UNDECLARED_SELECTOR = YES;
				GCC_WARN_UNINITIALIZED_AUTOS = YES_AGGRESSIVE;
				GCC_WARN_UNUSED_FUNCTION = YES;
				GCC_WARN_UNUSED_VARIABLE = YES;
				IPHONEOS_DEPLOYMENT_TARGET = 11.4;
				MTL_ENABLE_DEBUG_INFO = YES;
				ONLY_ACTIVE_ARCH = YES;
				SDKROOT = iphoneos;
				SWIFT_ACTIVE_COMPILATION_CONDITIONS = DEBUG;
				SWIFT_OPTIMIZATION_LEVEL = "-Onone";
			};
			name = Debug;
		};
		5B4A09C720F661F4008B8B6F /* Release */ = {
			isa = XCBuildConfiguration;
			buildSettings = {
				ALWAYS_SEARCH_USER_PATHS = NO;
				CLANG_ANALYZER_NONNULL = YES;
				CLANG_ANALYZER_NUMBER_OBJECT_CONVERSION = YES_AGGRESSIVE;
				CLANG_CXX_LANGUAGE_STANDARD = "gnu++14";
				CLANG_CXX_LIBRARY = "libc++";
				CLANG_ENABLE_MODULES = YES;
				CLANG_ENABLE_OBJC_ARC = YES;
				CLANG_ENABLE_OBJC_WEAK = YES;
				CLANG_WARN_BLOCK_CAPTURE_AUTORELEASING = YES;
				CLANG_WARN_BOOL_CONVERSION = YES;
				CLANG_WARN_COMMA = YES;
				CLANG_WARN_CONSTANT_CONVERSION = YES;
				CLANG_WARN_DEPRECATED_OBJC_IMPLEMENTATIONS = YES;
				CLANG_WARN_DIRECT_OBJC_ISA_USAGE = YES_ERROR;
				CLANG_WARN_DOCUMENTATION_COMMENTS = YES;
				CLANG_WARN_EMPTY_BODY = YES;
				CLANG_WARN_ENUM_CONVERSION = YES;
				CLANG_WARN_INFINITE_RECURSION = YES;
				CLANG_WARN_INT_CONVERSION = YES;
				CLANG_WARN_NON_LITERAL_NULL_CONVERSION = YES;
				CLANG_WARN_OBJC_IMPLICIT_RETAIN_SELF = YES;
				CLANG_WARN_OBJC_LITERAL_CONVERSION = YES;
				CLANG_WARN_OBJC_ROOT_CLASS = YES_ERROR;
				CLANG_WARN_RANGE_LOOP_ANALYSIS = YES;
				CLANG_WARN_STRICT_PROTOTYPES = YES;
				CLANG_WARN_SUSPICIOUS_MOVE = YES;
				CLANG_WARN_UNGUARDED_AVAILABILITY = YES_AGGRESSIVE;
				CLANG_WARN_UNREACHABLE_CODE = YES;
				CLANG_WARN__DUPLICATE_METHOD_MATCH = YES;
				CODE_SIGN_IDENTITY = "iPhone Developer";
				COPY_PHASE_STRIP = NO;
				DEBUG_INFORMATION_FORMAT = "dwarf-with-dsym";
				ENABLE_NS_ASSERTIONS = NO;
				ENABLE_STRICT_OBJC_MSGSEND = YES;
				GCC_C_LANGUAGE_STANDARD = gnu11;
				GCC_NO_COMMON_BLOCKS = YES;
				GCC_WARN_64_TO_32_BIT_CONVERSION = YES;
				GCC_WARN_ABOUT_RETURN_TYPE = YES_ERROR;
				GCC_WARN_UNDECLARED_SELECTOR = YES;
				GCC_WARN_UNINITIALIZED_AUTOS = YES_AGGRESSIVE;
				GCC_WARN_UNUSED_FUNCTION = YES;
				GCC_WARN_UNUSED_VARIABLE = YES;
				IPHONEOS_DEPLOYMENT_TARGET = 11.4;
				MTL_ENABLE_DEBUG_INFO = NO;
				SDKROOT = iphoneos;
				SWIFT_COMPILATION_MODE = wholemodule;
				SWIFT_OPTIMIZATION_LEVEL = "-O";
				VALIDATE_PRODUCT = YES;
			};
			name = Release;
		};
		5B4A09C920F661F4008B8B6F /* Debug */ = {
			isa = XCBuildConfiguration;
			buildSettings = {
				ASSETCATALOG_COMPILER_APPICON_NAME = AppIcon;
				CODE_SIGN_STYLE = Automatic;
				DEVELOPMENT_TEAM = 86J45LDZ7X;
				INFOPLIST_FILE = "Pizza Finder/Info.plist";
				LD_RUNPATH_SEARCH_PATHS = (
					"$(inherited)",
					"@executable_path/Frameworks",
				);
				PRODUCT_BUNDLE_IDENTIFIER = "ra.Pizza-Finder";
				PRODUCT_NAME = "$(TARGET_NAME)";
				SWIFT_VERSION = 4.0;
				TARGETED_DEVICE_FAMILY = "1,2";
			};
			name = Debug;
		};
		5B4A09CA20F661F4008B8B6F /* Release */ = {
			isa = XCBuildConfiguration;
			buildSettings = {
				ASSETCATALOG_COMPILER_APPICON_NAME = AppIcon;
				CODE_SIGN_STYLE = Automatic;
				DEVELOPMENT_TEAM = 86J45LDZ7X;
				INFOPLIST_FILE = "Pizza Finder/Info.plist";
				LD_RUNPATH_SEARCH_PATHS = (
					"$(inherited)",
					"@executable_path/Frameworks",
				);
				PRODUCT_BUNDLE_IDENTIFIER = "ra.Pizza-Finder";
				PRODUCT_NAME = "$(TARGET_NAME)";
				SWIFT_VERSION = 4.0;
				TARGETED_DEVICE_FAMILY = "1,2";
			};
			name = Release;
		};
		5B4A09CC20F661F4008B8B6F /* Debug */ = {
			isa = XCBuildConfiguration;
			buildSettings = {
				ALWAYS_EMBED_SWIFT_STANDARD_LIBRARIES = YES;
				BUNDLE_LOADER = "$(TEST_HOST)";
				CODE_SIGN_STYLE = Automatic;
				DEVELOPMENT_TEAM = 86J45LDZ7X;
				INFOPLIST_FILE = "Pizza FinderTests/Info.plist";
				LD_RUNPATH_SEARCH_PATHS = (
					"$(inherited)",
					"@executable_path/Frameworks",
					"@loader_path/Frameworks",
				);
				PRODUCT_BUNDLE_IDENTIFIER = "ra.Pizza-FinderTests";
				PRODUCT_NAME = "$(TARGET_NAME)";
				SWIFT_VERSION = 4.0;
				TARGETED_DEVICE_FAMILY = "1,2";
				TEST_HOST = "$(BUILT_PRODUCTS_DIR)/Pizza Finder.app/Pizza Finder";
			};
			name = Debug;
		};
		5B4A09CD20F661F4008B8B6F /* Release */ = {
			isa = XCBuildConfiguration;
			buildSettings = {
				ALWAYS_EMBED_SWIFT_STANDARD_LIBRARIES = YES;
				BUNDLE_LOADER = "$(TEST_HOST)";
				CODE_SIGN_STYLE = Automatic;
				DEVELOPMENT_TEAM = 86J45LDZ7X;
				INFOPLIST_FILE = "Pizza FinderTests/Info.plist";
				LD_RUNPATH_SEARCH_PATHS = (
					"$(inherited)",
					"@executable_path/Frameworks",
					"@loader_path/Frameworks",
				);
				PRODUCT_BUNDLE_IDENTIFIER = "ra.Pizza-FinderTests";
				PRODUCT_NAME = "$(TARGET_NAME)";
				SWIFT_VERSION = 4.0;
				TARGETED_DEVICE_FAMILY = "1,2";
				TEST_HOST = "$(BUILT_PRODUCTS_DIR)/Pizza Finder.app/Pizza Finder";
			};
			name = Release;
		};
		5B4A09CF20F661F4008B8B6F /* Debug */ = {
			isa = XCBuildConfiguration;
			buildSettings = {
				ALWAYS_EMBED_SWIFT_STANDARD_LIBRARIES = YES;
				CODE_SIGN_STYLE = Automatic;
				DEVELOPMENT_TEAM = 86J45LDZ7X;
				INFOPLIST_FILE = "Pizza FinderUITests/Info.plist";
				LD_RUNPATH_SEARCH_PATHS = (
					"$(inherited)",
					"@executable_path/Frameworks",
					"@loader_path/Frameworks",
				);
				PRODUCT_BUNDLE_IDENTIFIER = "ra.Pizza-FinderUITests";
				PRODUCT_NAME = "$(TARGET_NAME)";
				SWIFT_VERSION = 4.0;
				TARGETED_DEVICE_FAMILY = "1,2";
				TEST_TARGET_NAME = "Pizza Finder";
			};
			name = Debug;
		};
		5B4A09D020F661F4008B8B6F /* Release */ = {
			isa = XCBuildConfiguration;
			buildSettings = {
				ALWAYS_EMBED_SWIFT_STANDARD_LIBRARIES = YES;
				CODE_SIGN_STYLE = Automatic;
				DEVELOPMENT_TEAM = 86J45LDZ7X;
				INFOPLIST_FILE = "Pizza FinderUITests/Info.plist";
				LD_RUNPATH_SEARCH_PATHS = (
					"$(inherited)",
					"@executable_path/Frameworks",
					"@loader_path/Frameworks",
				);
				PRODUCT_BUNDLE_IDENTIFIER = "ra.Pizza-FinderUITests";
				PRODUCT_NAME = "$(TARGET_NAME)";
				SWIFT_VERSION = 4.0;
				TARGETED_DEVICE_FAMILY = "1,2";
				TEST_TARGET_NAME = "Pizza Finder";
			};
			name = Release;
		};
/* End XCBuildConfiguration section */

/* Begin XCConfigurationList section */
		5B4A099B20F661F3008B8B6F /* Build configuration list for PBXProject "Pizza Finder" */ = {
			isa = XCConfigurationList;
			buildConfigurations = (
				5B4A09C620F661F4008B8B6F /* Debug */,
				5B4A09C720F661F4008B8B6F /* Release */,
			);
			defaultConfigurationIsVisible = 0;
			defaultConfigurationName = Release;
		};
		5B4A09C820F661F4008B8B6F /* Build configuration list for PBXNativeTarget "Pizza Finder" */ = {
			isa = XCConfigurationList;
			buildConfigurations = (
				5B4A09C920F661F4008B8B6F /* Debug */,
				5B4A09CA20F661F4008B8B6F /* Release */,
			);
			defaultConfigurationIsVisible = 0;
			defaultConfigurationName = Release;
		};
		5B4A09CB20F661F4008B8B6F /* Build configuration list for PBXNativeTarget "Pizza FinderTests" */ = {
			isa = XCConfigurationList;
			buildConfigurations = (
				5B4A09CC20F661F4008B8B6F /* Debug */,
				5B4A09CD20F661F4008B8B6F /* Release */,
			);
			defaultConfigurationIsVisible = 0;
			defaultConfigurationName = Release;
		};
		5B4A09CE20F661F4008B8B6F /* Build configuration list for PBXNativeTarget "Pizza FinderUITests" */ = {
			isa = XCConfigurationList;
			buildConfigurations = (
				5B4A09CF20F661F4008B8B6F /* Debug */,
				5B4A09D020F661F4008B8B6F /* Release */,
			);
			defaultConfigurationIsVisible = 0;
			defaultConfigurationName = Release;
		};
/* End XCConfigurationList section */
	};
	rootObject = 5B4A099820F661F3008B8B6F /* Project object */;
}
